Microsoft Visual Studio Solution File, Format Version 12.00
# Visual Studio Version 17
VisualStudioVersion = 17.5.2.0
MinimumVisualStudioVersion = 10.0.40219.1
Project("{FAE04EC0-301F-11D3-BF4B-00C04F79EFBC}") = "PlataformaCreditos", "PlataformaCreditos\PlataformaCreditos.csproj", "{06BD93FF-AA4E-4C05-A207-9F6BA2D825DB}"
EndProject
Global
	GlobalSection(SolutionConfigurationPlatforms) = preSolution
		Debug|Any CPU = Debug|Any CPU
		Release|Any CPU = Release|Any CPU
	EndGlobalSection
	GlobalSection(ProjectConfigurationPlatforms) = postSolution
		{06BD93FF-AA4E-4C05-A207-9F6BA2D825DB}.Debug|Any CPU.ActiveCfg = Debug|Any CPU
		{06BD93FF-AA4E-4C05-A207-9F6BA2D825DB}.Debug|Any CPU.Build.0 = Debug|Any CPU
		{06BD93FF-AA4E-4C05-A207-9F6BA2D825DB}.Release|Any CPU.ActiveCfg = Release|Any CPU
		{06BD93FF-AA4E-4C05-A207-9F6BA2D825DB}.Release|Any CPU.Build.0 = Release|Any CPU
	EndGlobalSection
	GlobalSection(SolutionProperties) = preSolution
		HideSolutionNode = FALSE
	EndGlobalSection
	GlobalSection(ExtensibilityGlobals) = postSolution
		SolutionGuid = {CF1D4B0E-67CB-45EE-8EA0-601B3829F7A4}
	EndGlobalSection
EndGlobal
